<?xml version="1.0" encoding="utf-8"?>
<Project ToolsVersion="4.0" xmlns="http://schemas.microsoft.com/developer/msbuild/2003">
  <ItemGroup>
    <ClCompile Include="src\lights.cpp" />
    <ClCompile Include="src\main.cpp" />
    <ClCompile Include="src\shaders.cpp" />
    <ClCompile Include="src\shapes.cpp" />
    <ClCompile Include="src\imgui\imgui.cpp">
      <Filter>imgui</Filter>
    </ClCompile>
    <ClCompile Include="src\imgui\imgui_demo.cpp">
      <Filter>imgui</Filter>
    </ClCompile>
    <ClCompile Include="src\imgui\imgui_draw.cpp">
      <Filter>imgui</Filter>
    </ClCompile>
    <ClCompile Include="src\imgui\imgui_impl_glut.cpp">
      <Filter>imgui</Filter>
    </ClCompile>
    <ClCompile Include="src\imgui\imgui_impl_opengl3.cpp">
      <Filter>imgui</Filter>
    </ClCompile>
    <ClCompile Include="src\imgui\imgui_tables.cpp">
      <Filter>imgui</Filter>
    </ClCompile>
    <ClCompile Include="src\imgui\imgui_widgets.cpp">
      <Filter>imgui</Filter>
    </ClCompile>
    <ClCompile Include="src\tiny_obj_loader.cc">
      <Filter>tinyobjloader</Filter>
    </ClCompile>
  </ItemGroup>
  <ItemGroup>
    <None Include="shaders\phong.frag" />
    <None Include="shaders\phong.vert" />
  </ItemGroup>
  <ItemGroup>
    <Filter Include="imgui">
      <UniqueIdentifier>{161c2777-7372-4268-ad4d-90f7b8c87e4e}</UniqueIdentifier>
    </Filter>
    <Filter Include="imgui-h">
      <UniqueIdentifier>{8593652d-0276-4850-a093-780cd7042cb4}</UniqueIdentifier>
    </Filter>
    <Filter Include="tinyobjloader">
      <UniqueIdentifier>{97cb46e4-da52-467b-9dc6-271a961d5ad8}</UniqueIdentifier>
    </Filter>
  </ItemGroup>
  <ItemGroup>
    <ClInclude Include="src\imgui\imconfig.h">
      <Filter>imgui-h</Filter>
    </ClInclude>
    <ClInclude Include="src\imgui\imgui_impl_glut.h">
      <Filter>imgui-h</Filter>
    </ClInclude>
    <ClInclude Include="src\imgui\imgui_impl_opengl3.h">
      <Filter>imgui-h</Filter>
    </ClInclude>
    <ClInclude Include="src\imgui\imgui_internal.h">
      <Filter>imgui-h</Filter>
    </ClInclude>
    <ClInclude Include="src\imgui\imstb_rectpack.h">
      <Filter>imgui-h</Filter>
    </ClInclude>
    <ClInclude Include="src\imgui\imstb_textedit.h">
      <Filter>imgui-h</Filter>
    </ClInclude>
    <ClInclude Include="src\imgui\imstb_truetype.h">
      <Filter>imgui-h</Filter>
    </ClInclude>
    <ClInclude Include="src\imgui\imgui_impl_opengl3_loader.h">
      <Filter>imgui-h</Filter>
    </ClInclude>
    <ClInclude Include="src\tiny_obj_loader.h">
      <Filter>tinyobjloader</Filter>
    </ClInclude>
    <ClInclude Include="src\imgui\imgui.h" />
  </ItemGroup>
</Project>